{
  "requires": true,
  "lockfileVersion": 1,
  "dependencies": {
    "component-closest": {
      "version": "1.0.1",
      "resolved": "http://registry.npm.taobao.org/component-closest/download/component-closest-1.0.1.tgz",
      "integrity": "sha1-HtBGQTL8iKNRCi2r7AeWlXifsbU=",
      "requires": {
        "component-matches-selector": "0.1.6"
      }
    },
    "component-delegate": {
      "version": "0.2.3",
      "resolved": "http://registry.npm.taobao.org/component-delegate/download/component-delegate-0.2.3.tgz",
      "integrity": "sha1-Uj7DoFOP3IXiXptK5MXgYGh19/w=",
      "requires": {
        "component-closest": "1.0.1",
        "component-event": "0.1.4"
      }
    },
    "component-emitter": {
      "version": "1.2.0",
      "resolved": "http://registry.npm.taobao.org/component-emitter/download/component-emitter-1.2.0.tgz",
      "integrity": "sha1-zNETqGOI0GSC0D3j/H35hSa6jv4="
    },
    "component-event": {
      "version": "0.1.4",
      "resolved": "http://registry.npm.taobao.org/component-event/download/component-event-0.1.4.tgz",
      "integrity": "sha1-PeePwoeCOBeH4kvyp8U2vwFCybQ="
    },
    "component-events": {
      "version": "1.0.9",
      "resolved": "http://registry.npm.taobao.org/component-events/download/component-events-1.0.9.tgz",
      "integrity": "sha1-z3hFQScttxtbIxVS34nYBe72KQA=",
      "requires": {
        "component-delegate": "0.2.3",
        "component-event": "0.1.4"
      }
    },
    "component-matches-selector": {
      "version": "0.1.6",
      "resolved": "http://registry.npm.taobao.org/component-matches-selector/download/component-matches-selector-0.1.6.tgz",
      "integrity": "sha1-e2MOBOfgw7ABnzF0n9cK9e2Lly4=",
      "requires": {
        "component-query": "0.0.3"
      }
    },
    "component-query": {
      "version": "0.0.3",
      "resolved": "http://registry.npm.taobao.org/component-query/download/component-query-0.0.3.tgz",
      "integrity": "sha1-B/Sdq3Bx+pYGcl31PmB/RorNqs8="
    },
    "computed-style-component": {
      "version": "0.1.0",
      "resolved": "http://registry.npm.taobao.org/computed-style-component/download/computed-style-component-0.1.0.tgz",
      "integrity": "sha1-OMITjsPxCKeO7TFjy2yYqE3cCig="
    },
    "has-translate3d": {
      "version": "0.0.3",
      "resolved": "http://registry.npm.taobao.org/has-translate3d/download/has-translate3d-0.0.3.tgz",
      "integrity": "sha1-7gFXrVtMqKGjNRSp5+9FQVoTIQM=",
      "requires": {
        "transform-property": "0.0.1"
      }
    },
    "swipe": {
      "version": "1.7.7",
      "resolved": "http://registry.npm.taobao.org/swipe/download/swipe-1.7.7.tgz",
      "integrity": "sha1-Y+KH5/Zxl/Ytkg9ylW6+EKjLY/E=",
      "requires": {
        "component-emitter": "1.2.0",
        "component-event": "0.1.4",
        "component-events": "1.0.9",
        "computed-style-component": "0.1.0",
        "has-translate3d": "0.0.3",
        "touchaction-property": "0.0.1",
        "transform-property": "0.0.1",
        "transitionend-property": "0.0.2"
      }
    },
    "touchaction-property": {
      "version": "0.0.1",
      "resolved": "http://registry.npm.taobao.org/touchaction-property/download/touchaction-property-0.0.1.tgz",
      "integrity": "sha1-8EakYiR3YJHKzcY8IP/HN7dR9sY="
    },
    "transform-property": {
      "version": "0.0.1",
      "resolved": "http://registry.npm.taobao.org/transform-property/download/transform-property-0.0.1.tgz",
      "integrity": "sha1-SGNmL51eW7jwwAZI7/CL6xT9ZfI="
    },
    "transitionend-property": {
      "version": "0.0.2",
      "resolved": "http://registry.npm.taobao.org/transitionend-property/download/transitionend-property-0.0.2.tgz",
      "integrity": "sha1-f5aWSPg5TVK6CX8SayseefN7DGw="
    }
  }
}
